// !$*UTF8*$!
{
	archiveVersion = 1;
	classes = {
	};
	objectVersion = 56;
	objects = {

/* Begin PBXBuildFile section */
		990567052C340F9C0098DB09 /* RealmDB.swift in Sources */ = {isa = PBXBuildFile; fileRef = 990567042C340F9C0098DB09 /* RealmDB.swift */; };
		990567072C344ABE0098DB09 /* UITextField+Extension.swift in Sources */ = {isa = PBXBuildFile; fileRef = 990567062C344ABE0098DB09 /* UITextField+Extension.swift */; };
		9905670D2C354C440098DB09 /* TalbleView.swift in Sources */ = {isa = PBXBuildFile; fileRef = 9905670C2C354C440098DB09 /* TalbleView.swift */; };
		990567102C3551F50098DB09 /* DeadLineSettingViewController.swift in Sources */ = {isa = PBXBuildFile; fileRef = 9905670F2C3551F50098DB09 /* DeadLineSettingViewController.swift */; };
		990567112C355E600098DB09 /* RealmSwift in Embed Frameworks */ = {isa = PBXBuildFile; productRef = 99061F672C33EDAE00D8559F /* RealmSwift */; settings = {ATTRIBUTES = (CodeSignOnCopy, ); }; };
		990567152C356EEE0098DB09 /* TagSettingViewController.swift in Sources */ = {isa = PBXBuildFile; fileRef = 990567142C356EEE0098DB09 /* TagSettingViewController.swift */; };
		990567182C35A1FA0098DB09 /* PriorityRankViewController.swift in Sources */ = {isa = PBXBuildFile; fileRef = 990567172C35A1FA0098DB09 /* PriorityRankViewController.swift */; };
		990567212C3693610098DB09 /* ScheduleSummaryView.swift in Sources */ = {isa = PBXBuildFile; fileRef = 990567202C3693610098DB09 /* ScheduleSummaryView.swift */; };
		990567232C3698900098DB09 /* ScheduleSummaryViewController.swift in Sources */ = {isa = PBXBuildFile; fileRef = 990567222C3698900098DB09 /* ScheduleSummaryViewController.swift */; };
		990567252C369AEB0098DB09 /* UIButton+Extension.swift in Sources */ = {isa = PBXBuildFile; fileRef = 990567242C369AEB0098DB09 /* UIButton+Extension.swift */; };
		990567272C36A0C10098DB09 /* ScheduleSummaryCollectionViewCell.swift in Sources */ = {isa = PBXBuildFile; fileRef = 990567262C36A0C00098DB09 /* ScheduleSummaryCollectionViewCell.swift */; };
		990567292C36C3AB0098DB09 /* CollectionView.swift in Sources */ = {isa = PBXBuildFile; fileRef = 990567282C36C3AB0098DB09 /* CollectionView.swift */; };
		990567552C37CDA00098DB09 /* PriorityView.swift in Sources */ = {isa = PBXBuildFile; fileRef = 990567542C37CDA00098DB09 /* PriorityView.swift */; };
		99061F482C33E57300D8559F /* AppDelegate.swift in Sources */ = {isa = PBXBuildFile; fileRef = 99061F472C33E57300D8559F /* AppDelegate.swift */; };
		99061F4A2C33E57300D8559F /* SceneDelegate.swift in Sources */ = {isa = PBXBuildFile; fileRef = 99061F492C33E57300D8559F /* SceneDelegate.swift */; };
		99061F4C2C33E57300D8559F /* ViewController.swift in Sources */ = {isa = PBXBuildFile; fileRef = 99061F4B2C33E57300D8559F /* ViewController.swift */; };
		99061F512C33E57400D8559F /* Assets.xcassets in Resources */ = {isa = PBXBuildFile; fileRef = 99061F502C33E57400D8559F /* Assets.xcassets */; };
		99061F542C33E57400D8559F /* Base in Resources */ = {isa = PBXBuildFile; fileRef = 99061F532C33E57400D8559F /* Base */; };
		99061F5D2C33EAB600D8559F /* BaseView.swift in Sources */ = {isa = PBXBuildFile; fileRef = 99061F5C2C33EAB600D8559F /* BaseView.swift */; };
		99061F5F2C33EACB00D8559F /* BaseViewController.swift in Sources */ = {isa = PBXBuildFile; fileRef = 99061F5E2C33EACB00D8559F /* BaseViewController.swift */; };
		99061F612C33EAE000D8559F /* BaseTableViewCell.swift in Sources */ = {isa = PBXBuildFile; fileRef = 99061F602C33EAE000D8559F /* BaseTableViewCell.swift */; };
		99061F632C33EAED00D8559F /* BaseCollectionViewCell.swift in Sources */ = {isa = PBXBuildFile; fileRef = 99061F622C33EAED00D8559F /* BaseCollectionViewCell.swift */; };
		99061F652C33ECE400D8559F /* .gitignore in Resources */ = {isa = PBXBuildFile; fileRef = 99061F642C33ECE400D8559F /* .gitignore */; };
		99061F682C33EDAE00D8559F /* RealmSwift in Frameworks */ = {isa = PBXBuildFile; productRef = 99061F672C33EDAE00D8559F /* RealmSwift */; };
		99061F6B2C33EDBD00D8559F /* SnapKit in Frameworks */ = {isa = PBXBuildFile; productRef = 99061F6A2C33EDBD00D8559F /* SnapKit */; };
		99061F6E2C33EE1C00D8559F /* ScheduleListView.swift in Sources */ = {isa = PBXBuildFile; fileRef = 99061F6D2C33EE1C00D8559F /* ScheduleListView.swift */; };
		99061F712C33EED000D8559F /* ReusableIdentifier.swift in Sources */ = {isa = PBXBuildFile; fileRef = 99061F702C33EED000D8559F /* ReusableIdentifier.swift */; };
		99061F732C33F68600D8559F /* ScheduleListViewController.swift in Sources */ = {isa = PBXBuildFile; fileRef = 99061F722C33F68600D8559F /* ScheduleListViewController.swift */; };
		99061F762C33F8D600D8559F /* AddScheduleView.swift in Sources */ = {isa = PBXBuildFile; fileRef = 99061F752C33F8D600D8559F /* AddScheduleView.swift */; };
		99061F782C33F8EA00D8559F /* AddScheduleViewController.swift in Sources */ = {isa = PBXBuildFile; fileRef = 99061F772C33F8EA00D8559F /* AddScheduleViewController.swift */; };
		99061F7A2C33FA2600D8559F /* AddScheduleTitleMemoTableViewCell.swift in Sources */ = {isa = PBXBuildFile; fileRef = 99061F792C33FA2600D8559F /* AddScheduleTitleMemoTableViewCell.swift */; };
		99061F7D2C33FC9E00D8559F /* MemoListView.swift in Sources */ = {isa = PBXBuildFile; fileRef = 99061F7C2C33FC9E00D8559F /* MemoListView.swift */; };
		99061F7F2C33FCAB00D8559F /* MemoListViewController.swift in Sources */ = {isa = PBXBuildFile; fileRef = 99061F7E2C33FCAB00D8559F /* MemoListViewController.swift */; };
		99061F812C34012D00D8559F /* MemoListTableViewCell.swift in Sources */ = {isa = PBXBuildFile; fileRef = 99061F802C34012D00D8559F /* MemoListTableViewCell.swift */; };
/* End PBXBuildFile section */

/* Begin PBXCopyFilesBuildPhase section */
		990567122C355E600098DB09 /* Embed Frameworks */ = {
			isa = PBXCopyFilesBuildPhase;
			buildActionMask = 2147483647;
			dstPath = "";
			dstSubfolderSpec = 10;
			files = (
				990567112C355E600098DB09 /* RealmSwift in Embed Frameworks */,
			);
			name = "Embed Frameworks";
			runOnlyForDeploymentPostprocessing = 0;
		};
/* End PBXCopyFilesBuildPhase section */

/* Begin PBXFileReference section */
		990567042C340F9C0098DB09 /* RealmDB.swift */ = {isa = PBXFileReference; lastKnownFileType = sourcecode.swift; path = RealmDB.swift; sourceTree = "<group>"; };
		990567062C344ABE0098DB09 /* UITextField+Extension.swift */ = {isa = PBXFileReference; lastKnownFileType = sourcecode.swift; path = "UITextField+Extension.swift"; sourceTree = "<group>"; };
		9905670C2C354C440098DB09 /* TalbleView.swift */ = {isa = PBXFileReference; lastKnownFileType = sourcecode.swift; path = TalbleView.swift; sourceTree = "<group>"; };
		9905670F2C3551F50098DB09 /* DeadLineSettingViewController.swift */ = {isa = PBXFileReference; lastKnownFileType = sourcecode.swift; path = DeadLineSettingViewController.swift; sourceTree = "<group>"; };
		990567142C356EEE0098DB09 /* TagSettingViewController.swift */ = {isa = PBXFileReference; lastKnownFileType = sourcecode.swift; path = TagSettingViewController.swift; sourceTree = "<group>"; };
		990567172C35A1FA0098DB09 /* PriorityRankViewController.swift */ = {isa = PBXFileReference; lastKnownFileType = sourcecode.swift; path = PriorityRankViewController.swift; sourceTree = "<group>"; };
		990567202C3693610098DB09 /* ScheduleSummaryView.swift */ = {isa = PBXFileReference; lastKnownFileType = sourcecode.swift; path = ScheduleSummaryView.swift; sourceTree = "<group>"; };
		990567222C3698900098DB09 /* ScheduleSummaryViewController.swift */ = {isa = PBXFileReference; lastKnownFileType = sourcecode.swift; path = ScheduleSummaryViewController.swift; sourceTree = "<group>"; };
		990567242C369AEB0098DB09 /* UIButton+Extension.swift */ = {isa = PBXFileReference; lastKnownFileType = sourcecode.swift; path = "UIButton+Extension.swift"; sourceTree = "<group>"; };
		990567262C36A0C00098DB09 /* ScheduleSummaryCollectionViewCell.swift */ = {isa = PBXFileReference; lastKnownFileType = sourcecode.swift; path = ScheduleSummaryCollectionViewCell.swift; sourceTree = "<group>"; };
		990567282C36C3AB0098DB09 /* CollectionView.swift */ = {isa = PBXFileReference; lastKnownFileType = sourcecode.swift; path = CollectionView.swift; sourceTree = "<group>"; };
		990567542C37CDA00098DB09 /* PriorityView.swift */ = {isa = PBXFileReference; lastKnownFileType = sourcecode.swift; path = PriorityView.swift; sourceTree = "<group>"; };
		99061F442C33E57300D8559F /* Reminder.app */ = {isa = PBXFileReference; explicitFileType = wrapper.application; includeInIndex = 0; path = Reminder.app; sourceTree = BUILT_PRODUCTS_DIR; };
		99061F472C33E57300D8559F /* AppDelegate.swift */ = {isa = PBXFileReference; lastKnownFileType = sourcecode.swift; path = AppDelegate.swift; sourceTree = "<group>"; };
		99061F492C33E57300D8559F /* SceneDelegate.swift */ = {isa = PBXFileReference; lastKnownFileType = sourcecode.swift; path = SceneDelegate.swift; sourceTree = "<group>"; };
		99061F4B2C33E57300D8559F /* ViewController.swift */ = {isa = PBXFileReference; lastKnownFileType = sourcecode.swift; path = ViewController.swift; sourceTree = "<group>"; };
		99061F502C33E57400D8559F /* Assets.xcassets */ = {isa = PBXFileReference; lastKnownFileType = folder.assetcatalog; path = Assets.xcassets; sourceTree = "<group>"; };
		99061F532C33E57400D8559F /* Base */ = {isa = PBXFileReference; lastKnownFileType = file.storyboard; name = Base; path = Base.lproj/LaunchScreen.storyboard; sourceTree = "<group>"; };
		99061F552C33E57400D8559F /* Info.plist */ = {isa = PBXFileReference; lastKnownFileType = text.plist.xml; path = Info.plist; sourceTree = "<group>"; };
		99061F5C2C33EAB600D8559F /* BaseView.swift */ = {isa = PBXFileReference; lastKnownFileType = sourcecode.swift; path = BaseView.swift; sourceTree = "<group>"; };
		99061F5E2C33EACB00D8559F /* BaseViewController.swift */ = {isa = PBXFileReference; lastKnownFileType = sourcecode.swift; path = BaseViewController.swift; sourceTree = "<group>"; };
		99061F602C33EAE000D8559F /* BaseTableViewCell.swift */ = {isa = PBXFileReference; lastKnownFileType = sourcecode.swift; path = BaseTableViewCell.swift; sourceTree = "<group>"; };
		99061F622C33EAED00D8559F /* BaseCollectionViewCell.swift */ = {isa = PBXFileReference; lastKnownFileType = sourcecode.swift; path = BaseCollectionViewCell.swift; sourceTree = "<group>"; };
		99061F642C33ECE400D8559F /* .gitignore */ = {isa = PBXFileReference; lastKnownFileType = text; path = .gitignore; sourceTree = "<group>"; };
		99061F6D2C33EE1C00D8559F /* ScheduleListView.swift */ = {isa = PBXFileReference; lastKnownFileType = sourcecode.swift; path = ScheduleListView.swift; sourceTree = "<group>"; };
		99061F702C33EED000D8559F /* ReusableIdentifier.swift */ = {isa = PBXFileReference; lastKnownFileType = sourcecode.swift; path = ReusableIdentifier.swift; sourceTree = "<group>"; };
		99061F722C33F68600D8559F /* ScheduleListViewController.swift */ = {isa = PBXFileReference; lastKnownFileType = sourcecode.swift; path = ScheduleListViewController.swift; sourceTree = "<group>"; };
		99061F752C33F8D600D8559F /* AddScheduleView.swift */ = {isa = PBXFileReference; lastKnownFileType = sourcecode.swift; path = AddScheduleView.swift; sourceTree = "<group>"; };
		99061F772C33F8EA00D8559F /* AddScheduleViewController.swift */ = {isa = PBXFileReference; lastKnownFileType = sourcecode.swift; path = AddScheduleViewController.swift; sourceTree = "<group>"; };
		99061F792C33FA2600D8559F /* AddScheduleTitleMemoTableViewCell.swift */ = {isa = PBXFileReference; lastKnownFileType = sourcecode.swift; path = AddScheduleTitleMemoTableViewCell.swift; sourceTree = "<group>"; };
		99061F7C2C33FC9E00D8559F /* MemoListView.swift */ = {isa = PBXFileReference; lastKnownFileType = sourcecode.swift; path = MemoListView.swift; sourceTree = "<group>"; };
		99061F7E2C33FCAB00D8559F /* MemoListViewController.swift */ = {isa = PBXFileReference; lastKnownFileType = sourcecode.swift; path = MemoListViewController.swift; sourceTree = "<group>"; };
		99061F802C34012D00D8559F /* MemoListTableViewCell.swift */ = {isa = PBXFileReference; lastKnownFileType = sourcecode.swift; path = MemoListTableViewCell.swift; sourceTree = "<group>"; };
/* End PBXFileReference section */

/* Begin PBXFrameworksBuildPhase section */
		99061F412C33E57300D8559F /* Frameworks */ = {
			isa = PBXFrameworksBuildPhase;
			buildActionMask = 2147483647;
			files = (
				99061F682C33EDAE00D8559F /* RealmSwift in Frameworks */,
				99061F6B2C33EDBD00D8559F /* SnapKit in Frameworks */,
			);
			runOnlyForDeploymentPostprocessing = 0;
		};
/* End PBXFrameworksBuildPhase section */

/* Begin PBXGroup section */
		990567032C340F8F0098DB09 /* Database */ = {
			isa = PBXGroup;
			children = (
				990567042C340F9C0098DB09 /* RealmDB.swift */,
			);
			path = Database;
			sourceTree = "<group>";
		};
		9905670B2C354C190098DB09 /* Enum */ = {
			isa = PBXGroup;
			children = (
				9905670C2C354C440098DB09 /* TalbleView.swift */,
				990567282C36C3AB0098DB09 /* CollectionView.swift */,
				990567542C37CDA00098DB09 /* PriorityView.swift */,
			);
			path = Enum;
			sourceTree = "<group>";
		};
		9905670E2C35516D0098DB09 /* DeadLineSetting */ = {
			isa = PBXGroup;
			children = (
				9905670F2C3551F50098DB09 /* DeadLineSettingViewController.swift */,
			);
			path = DeadLineSetting;
			sourceTree = "<group>";
		};
		990567132C356ED40098DB09 /* Tag */ = {
			isa = PBXGroup;
			children = (
				990567142C356EEE0098DB09 /* TagSettingViewController.swift */,
			);
			path = Tag;
			sourceTree = "<group>";
		};
		990567162C35A1E60098DB09 /* PriorityRank */ = {
			isa = PBXGroup;
			children = (
				990567172C35A1FA0098DB09 /* PriorityRankViewController.swift */,
			);
			path = PriorityRank;
			sourceTree = "<group>";
		};
		9905671F2C3692FF0098DB09 /* ScheduleSummary */ = {
			isa = PBXGroup;
			children = (
				990567202C3693610098DB09 /* ScheduleSummaryView.swift */,
				990567222C3698900098DB09 /* ScheduleSummaryViewController.swift */,
				990567262C36A0C00098DB09 /* ScheduleSummaryCollectionViewCell.swift */,
			);
			path = ScheduleSummary;
			sourceTree = "<group>";
		};
		99061F3B2C33E57300D8559F = {
			isa = PBXGroup;
			children = (
				99061F642C33ECE400D8559F /* .gitignore */,
				99061F462C33E57300D8559F /* Reminder */,
				99061F452C33E57300D8559F /* Products */,
			);
			sourceTree = "<group>";
		};
		99061F452C33E57300D8559F /* Products */ = {
			isa = PBXGroup;
			children = (
				99061F442C33E57300D8559F /* Reminder.app */,
			);
			name = Products;
			sourceTree = "<group>";
		};
		99061F462C33E57300D8559F /* Reminder */ = {
			isa = PBXGroup;
			children = (
				99061F5B2C33EA9D00D8559F /* Base */,
				9905670B2C354C190098DB09 /* Enum */,
				990567032C340F8F0098DB09 /* Database */,
				99061F6F2C33EEB600D8559F /* Extension */,
				99061F6C2C33EE0B00D8559F /* ScheduleList */,
				99061F742C33F88300D8559F /* AddSchedule */,
				99061F7B2C33FC8200D8559F /* MemoList */,
				9905671F2C3692FF0098DB09 /* ScheduleSummary */,
				99061F472C33E57300D8559F /* AppDelegate.swift */,
				99061F492C33E57300D8559F /* SceneDelegate.swift */,
				99061F4B2C33E57300D8559F /* ViewController.swift */,
				99061F502C33E57400D8559F /* Assets.xcassets */,
				99061F522C33E57400D8559F /* LaunchScreen.storyboard */,
				99061F552C33E57400D8559F /* Info.plist */,
			);
			path = Reminder;
			sourceTree = "<group>";
		};
		99061F5B2C33EA9D00D8559F /* Base */ = {
			isa = PBXGroup;
			children = (
				99061F5C2C33EAB600D8559F /* BaseView.swift */,
				99061F5E2C33EACB00D8559F /* BaseViewController.swift */,
				99061F602C33EAE000D8559F /* BaseTableViewCell.swift */,
				99061F622C33EAED00D8559F /* BaseCollectionViewCell.swift */,
			);
			path = Base;
			sourceTree = "<group>";
		};
		99061F6C2C33EE0B00D8559F /* ScheduleList */ = {
			isa = PBXGroup;
			children = (
				99061F6D2C33EE1C00D8559F /* ScheduleListView.swift */,
				99061F722C33F68600D8559F /* ScheduleListViewController.swift */,
			);
			path = ScheduleList;
			sourceTree = "<group>";
		};
		99061F6F2C33EEB600D8559F /* Extension */ = {
			isa = PBXGroup;
			children = (
				99061F702C33EED000D8559F /* ReusableIdentifier.swift */,
				990567062C344ABE0098DB09 /* UITextField+Extension.swift */,
				990567242C369AEB0098DB09 /* UIButton+Extension.swift */,
			);
			path = Extension;
			sourceTree = "<group>";
		};
		99061F742C33F88300D8559F /* AddSchedule */ = {
			isa = PBXGroup;
			children = (
				990567162C35A1E60098DB09 /* PriorityRank */,
				990567132C356ED40098DB09 /* Tag */,
				9905670E2C35516D0098DB09 /* DeadLineSetting */,
				99061F752C33F8D600D8559F /* AddScheduleView.swift */,
				99061F772C33F8EA00D8559F /* AddScheduleViewController.swift */,
				99061F792C33FA2600D8559F /* AddScheduleTitleMemoTableViewCell.swift */,
			);
			path = AddSchedule;
			sourceTree = "<group>";
		};
		99061F7B2C33FC8200D8559F /* MemoList */ = {
			isa = PBXGroup;
			children = (
				99061F7C2C33FC9E00D8559F /* MemoListView.swift */,
				99061F7E2C33FCAB00D8559F /* MemoListViewController.swift */,
				99061F802C34012D00D8559F /* MemoListTableViewCell.swift */,
			);
			path = MemoList;
			sourceTree = "<group>";
		};
/* End PBXGroup section */

/* Begin PBXNativeTarget section */
		99061F432C33E57300D8559F /* Reminder */ = {
			isa = PBXNativeTarget;
			buildConfigurationList = 99061F582C33E57400D8559F /* Build configuration list for PBXNativeTarget "Reminder" */;
			buildPhases = (
				99061F402C33E57300D8559F /* Sources */,
				99061F412C33E57300D8559F /* Frameworks */,
				99061F422C33E57300D8559F /* Resources */,
				990567122C355E600098DB09 /* Embed Frameworks */,
			);
			buildRules = (
			);
			dependencies = (
			);
			name = Reminder;
			packageProductDependencies = (
				99061F672C33EDAE00D8559F /* RealmSwift */,
				99061F6A2C33EDBD00D8559F /* SnapKit */,
			);
			productName = Reminder;
			productReference = 99061F442C33E57300D8559F /* Reminder.app */;
			productType = "com.apple.product-type.application";
		};
/* End PBXNativeTarget section */

/* Begin PBXProject section */
		99061F3C2C33E57300D8559F /* Project object */ = {
			isa = PBXProject;
			attributes = {
				BuildIndependentTargetsInParallel = 1;
				LastSwiftUpdateCheck = 1530;
				LastUpgradeCheck = 1530;
				TargetAttributes = {
					99061F432C33E57300D8559F = {
						CreatedOnToolsVersion = 15.3;
					};
				};
			};
			buildConfigurationList = 99061F3F2C33E57300D8559F /* Build configuration list for PBXProject "Reminder" */;
			compatibilityVersion = "Xcode 14.0";
			developmentRegion = en;
			hasScannedForEncodings = 0;
			knownRegions = (
				en,
				Base,
			);
			mainGroup = 99061F3B2C33E57300D8559F;
			packageReferences = (
				99061F662C33EDAE00D8559F /* XCRemoteSwiftPackageReference "realm-swift" */,
				99061F692C33EDBD00D8559F /* XCRemoteSwiftPackageReference "SnapKit" */,
			);
			productRefGroup = 99061F452C33E57300D8559F /* Products */;
			projectDirPath = "";
			projectRoot = "";
			targets = (
				99061F432C33E57300D8559F /* Reminder */,
			);
		};
/* End PBXProject section */

/* Begin PBXResourcesBuildPhase section */
		99061F422C33E57300D8559F /* Resources */ = {
			isa = PBXResourcesBuildPhase;
			buildActionMask = 2147483647;
			files = (
				99061F512C33E57400D8559F /* Assets.xcassets in Resources */,
				99061F652C33ECE400D8559F /* .gitignore in Resources */,
				99061F542C33E57400D8559F /* Base in Resources */,
			);
			runOnlyForDeploymentPostprocessing = 0;
		};
/* End PBXResourcesBuildPhase section */

/* Begin PBXSourcesBuildPhase section */
		99061F402C33E57300D8559F /* Sources */ = {
			isa = PBXSourcesBuildPhase;
			buildActionMask = 2147483647;
			files = (
				99061F5F2C33EACB00D8559F /* BaseViewController.swift in Sources */,
				990567102C3551F50098DB09 /* DeadLineSettingViewController.swift in Sources */,
				990567552C37CDA00098DB09 /* PriorityView.swift in Sources */,
				99061F712C33EED000D8559F /* ReusableIdentifier.swift in Sources */,
				990567052C340F9C0098DB09 /* RealmDB.swift in Sources */,
				99061F632C33EAED00D8559F /* BaseCollectionViewCell.swift in Sources */,
				99061F812C34012D00D8559F /* MemoListTableViewCell.swift in Sources */,
				99061F4C2C33E57300D8559F /* ViewController.swift in Sources */,
				99061F7D2C33FC9E00D8559F /* MemoListView.swift in Sources */,
				990567252C369AEB0098DB09 /* UIButton+Extension.swift in Sources */,
				99061F482C33E57300D8559F /* AppDelegate.swift in Sources */,
				990567212C3693610098DB09 /* ScheduleSummaryView.swift in Sources */,
				99061F4A2C33E57300D8559F /* SceneDelegate.swift in Sources */,
				990567072C344ABE0098DB09 /* UITextField+Extension.swift in Sources */,
				99061F732C33F68600D8559F /* ScheduleListViewController.swift in Sources */,
				9905670D2C354C440098DB09 /* TalbleView.swift in Sources */,
				99061F782C33F8EA00D8559F /* AddScheduleViewController.swift in Sources */,
				99061F7A2C33FA2600D8559F /* AddScheduleTitleMemoTableViewCell.swift in Sources */,
				990567232C3698900098DB09 /* ScheduleSummaryViewController.swift in Sources */,
				990567292C36C3AB0098DB09 /* CollectionView.swift in Sources */,
				99061F6E2C33EE1C00D8559F /* ScheduleListView.swift in Sources */,
				99061F7F2C33FCAB00D8559F /* MemoListViewController.swift in Sources */,
				990567272C36A0C10098DB09 /* ScheduleSummaryCollectionViewCell.swift in Sources */,
				99061F612C33EAE000D8559F /* BaseTableViewCell.swift in Sources */,
				990567182C35A1FA0098DB09 /* PriorityRankViewController.swift in Sources */,
				99061F5D2C33EAB600D8559F /* BaseView.swift in Sources */,
				99061F762C33F8D600D8559F /* AddScheduleView.swift in Sources */,
				990567152C356EEE0098DB09 /* TagSettingViewController.swift in Sources */,
			);
			runOnlyForDeploymentPostprocessing = 0;
		};
/* End PBXSourcesBuildPhase section */

/* Begin PBXVariantGroup section */
		99061F522C33E57400D8559F /* LaunchScreen.storyboard */ = {
			isa = PBXVariantGroup;
			children = (
				99061F532C33E57400D8559F /* Base */,
			);
			name = LaunchScreen.storyboard;
			sourceTree = "<group>";
		};
/* End PBXVariantGroup section */

/* Begin XCBuildConfiguration section */
		99061F562C33E57400D8559F /* Debug */ = {
			isa = XCBuildConfiguration;
			buildSettings = {
				ALWAYS_SEARCH_USER_PATHS = NO;
				ASSETCATALOG_COMPILER_GENERATE_SWIFT_ASSET_SYMBOL_EXTENSIONS = YES;
				CLANG_ANALYZER_NONNULL = YES;
				CLANG_ANALYZER_NUMBER_OBJECT_CONVERSION = YES_AGGRESSIVE;
				CLANG_CXX_LANGUAGE_STANDARD = "gnu++20";
				CLANG_ENABLE_MODULES = YES;
				CLANG_ENABLE_OBJC_ARC = YES;
				CLANG_ENABLE_OBJC_WEAK = YES;
				CLANG_WARN_BLOCK_CAPTURE_AUTORELEASING = YES;
				CLANG_WARN_BOOL_CONVERSION = YES;
				CLANG_WARN_COMMA = YES;
				CLANG_WARN_CONSTANT_CONVERSION = YES;
				CLANG_WARN_DEPRECATED_OBJC_IMPLEMENTATIONS = YES;
				CLANG_WARN_DIRECT_OBJC_ISA_USAGE = YES_ERROR;
				CLANG_WARN_DOCUMENTATION_COMMENTS = YES;
				CLANG_WARN_EMPTY_BODY = YES;
				CLANG_WARN_ENUM_CONVERSION = YES;
				CLANG_WARN_INFINITE_RECURSION = YES;
				CLANG_WARN_INT_CONVERSION = YES;
				CLANG_WARN_NON_LITERAL_NULL_CONVERSION = YES;
				CLANG_WARN_OBJC_IMPLICIT_RETAIN_SELF = YES;
				CLANG_WARN_OBJC_LITERAL_CONVERSION = YES;
				CLANG_WARN_OBJC_ROOT_CLASS = YES_ERROR;
				CLANG_WARN_QUOTED_INCLUDE_IN_FRAMEWORK_HEADER = YES;
				CLANG_WARN_RANGE_LOOP_ANALYSIS = YES;
				CLANG_WARN_STRICT_PROTOTYPES = YES;
				CLANG_WARN_SUSPICIOUS_MOVE = YES;
				CLANG_WARN_UNGUARDED_AVAILABILITY = YES_AGGRESSIVE;
				CLANG_WARN_UNREACHABLE_CODE = YES;
				CLANG_WARN__DUPLICATE_METHOD_MATCH = YES;
				COPY_PHASE_STRIP = NO;
				DEBUG_INFORMATION_FORMAT = dwarf;
				ENABLE_STRICT_OBJC_MSGSEND = YES;
				ENABLE_TESTABILITY = YES;
				ENABLE_USER_SCRIPT_SANDBOXING = YES;
				GCC_C_LANGUAGE_STANDARD = gnu17;
				GCC_DYNAMIC_NO_PIC = NO;
				GCC_NO_COMMON_BLOCKS = YES;
				GCC_OPTIMIZATION_LEVEL = 0;
				GCC_PREPROCESSOR_DEFINITIONS = (
					"DEBUG=1",
					"$(inherited)",
				);
				GCC_WARN_64_TO_32_BIT_CONVERSION = YES;
				GCC_WARN_ABOUT_RETURN_TYPE = YES_ERROR;
				GCC_WARN_UNDECLARED_SELECTOR = YES;
				GCC_WARN_UNINITIALIZED_AUTOS = YES_AGGRESSIVE;
				GCC_WARN_UNUSED_FUNCTION = YES;
				GCC_WARN_UNUSED_VARIABLE = YES;
				IPHONEOS_DEPLOYMENT_TARGET = 17.4;
				LOCALIZATION_PREFERS_STRING_CATALOGS = YES;
				MTL_ENABLE_DEBUG_INFO = INCLUDE_SOURCE;
				MTL_FAST_MATH = YES;
				ONLY_ACTIVE_ARCH = YES;
				SDKROOT = iphoneos;
				SWIFT_ACTIVE_COMPILATION_CONDITIONS = "DEBUG $(inherited)";
				SWIFT_OPTIMIZATION_LEVEL = "-Onone";
			};
			name = Debug;
		};
		99061F572C33E57400D8559F /* Release */ = {
			isa = XCBuildConfiguration;
			buildSettings = {
				ALWAYS_SEARCH_USER_PATHS = NO;
				ASSETCATALOG_COMPILER_GENERATE_SWIFT_ASSET_SYMBOL_EXTENSIONS = YES;
				CLANG_ANALYZER_NONNULL = YES;
				CLANG_ANALYZER_NUMBER_OBJECT_CONVERSION = YES_AGGRESSIVE;
				CLANG_CXX_LANGUAGE_STANDARD = "gnu++20";
				CLANG_ENABLE_MODULES = YES;
				CLANG_ENABLE_OBJC_ARC = YES;
				CLANG_ENABLE_OBJC_WEAK = YES;
				CLANG_WARN_BLOCK_CAPTURE_AUTORELEASING = YES;
				CLANG_WARN_BOOL_CONVERSION = YES;
				CLANG_WARN_COMMA = YES;
				CLANG_WARN_CONSTANT_CONVERSION = YES;
				CLANG_WARN_DEPRECATED_OBJC_IMPLEMENTATIONS = YES;
				CLANG_WARN_DIRECT_OBJC_ISA_USAGE = YES_ERROR;
				CLANG_WARN_DOCUMENTATION_COMMENTS = YES;
				CLANG_WARN_EMPTY_BODY = YES;
				CLANG_WARN_ENUM_CONVERSION = YES;
				CLANG_WARN_INFINITE_RECURSION = YES;
				CLANG_WARN_INT_CONVERSION = YES;
				CLANG_WARN_NON_LITERAL_NULL_CONVERSION = YES;
				CLANG_WARN_OBJC_IMPLICIT_RETAIN_SELF = YES;
				CLANG_WARN_OBJC_LITERAL_CONVERSION = YES;
				CLANG_WARN_OBJC_ROOT_CLASS = YES_ERROR;
				CLANG_WARN_QUOTED_INCLUDE_IN_FRAMEWORK_HEADER = YES;
				CLANG_WARN_RANGE_LOOP_ANALYSIS = YES;
				CLANG_WARN_STRICT_PROTOTYPES = YES;
				CLANG_WARN_SUSPICIOUS_MOVE = YES;
				CLANG_WARN_UNGUARDED_AVAILABILITY = YES_AGGRESSIVE;
				CLANG_WARN_UNREACHABLE_CODE = YES;
				CLANG_WARN__DUPLICATE_METHOD_MATCH = YES;
				COPY_PHASE_STRIP = NO;
				DEBUG_INFORMATION_FORMAT = "dwarf-with-dsym";
				ENABLE_NS_ASSERTIONS = NO;
				ENABLE_STRICT_OBJC_MSGSEND = YES;
				ENABLE_USER_SCRIPT_SANDBOXING = YES;
				GCC_C_LANGUAGE_STANDARD = gnu17;
				GCC_NO_COMMON_BLOCKS = YES;
				GCC_WARN_64_TO_32_BIT_CONVERSION = YES;
				GCC_WARN_ABOUT_RETURN_TYPE = YES_ERROR;
				GCC_WARN_UNDECLARED_SELECTOR = YES;
				GCC_WARN_UNINITIALIZED_AUTOS = YES_AGGRESSIVE;
				GCC_WARN_UNUSED_FUNCTION = YES;
				GCC_WARN_UNUSED_VARIABLE = YES;
				IPHONEOS_DEPLOYMENT_TARGET = 17.4;
				LOCALIZATION_PREFERS_STRING_CATALOGS = YES;
				MTL_ENABLE_DEBUG_INFO = NO;
				MTL_FAST_MATH = YES;
				SDKROOT = iphoneos;
				SWIFT_COMPILATION_MODE = wholemodule;
				VALIDATE_PRODUCT = YES;
			};
			name = Release;
		};
		99061F592C33E57400D8559F /* Debug */ = {
			isa = XCBuildConfiguration;
			buildSettings = {
				ASSETCATALOG_COMPILER_APPICON_NAME = AppIcon;
				ASSETCATALOG_COMPILER_GLOBAL_ACCENT_COLOR_NAME = AccentColor;
				CODE_SIGN_STYLE = Automatic;
				CURRENT_PROJECT_VERSION = 1;
				DEVELOPMENT_TEAM = Y2VDXSZQ3M;
				GENERATE_INFOPLIST_FILE = YES;
				INFOPLIST_FILE = Reminder/Info.plist;
				INFOPLIST_KEY_UIApplicationSupportsIndirectInputEvents = YES;
				INFOPLIST_KEY_UILaunchStoryboardName = LaunchScreen;
				INFOPLIST_KEY_UISupportedInterfaceOrientations = UIInterfaceOrientationPortrait;
				INFOPLIST_KEY_UISupportedInterfaceOrientations_iPad = "UIInterfaceOrientationLandscapeLeft UIInterfaceOrientationLandscapeRight UIInterfaceOrientationPortrait UIInterfaceOrientationPortraitUpsideDown";
				IPHONEOS_DEPLOYMENT_TARGET = 16.0;
				LD_RUNPATH_SEARCH_PATHS = (
					"$(inherited)",
					"@executable_path/Frameworks",
				);
				MARKETING_VERSION = 1.0;
				PRODUCT_BUNDLE_IDENTIFIER = com.yun.Reminder;
				PRODUCT_NAME = "$(TARGET_NAME)";
				SUPPORTED_PLATFORMS = "iphoneos iphonesimulator";
				SUPPORTS_MACCATALYST = NO;
				SUPPORTS_MAC_DESIGNED_FOR_IPHONE_IPAD = NO;
				SUPPORTS_XR_DESIGNED_FOR_IPHONE_IPAD = NO;
				SWIFT_EMIT_LOC_STRINGS = YES;
				SWIFT_VERSION = 5.0;
				TARGETED_DEVICE_FAMILY = 1;
			};
			name = Debug;
		};
		99061F5A2C33E57400D8559F /* Release */ = {
			isa = XCBuildConfiguration;
			buildSettings = {
				ASSETCATALOG_COMPILER_APPICON_NAME = AppIcon;
				ASSETCATALOG_COMPILER_GLOBAL_ACCENT_COLOR_NAME = AccentColor;
				CODE_SIGN_STYLE = Automatic;
				CURRENT_PROJECT_VERSION = 1;
				DEVELOPMENT_TEAM = Y2VDXSZQ3M;
				GENERATE_INFOPLIST_FILE = YES;
				INFOPLIST_FILE = Reminder/Info.plist;
				INFOPLIST_KEY_UIApplicationSupportsIndirectInputEvents = YES;
				INFOPLIST_KEY_UILaunchStoryboardName = LaunchScreen;
				INFOPLIST_KEY_UISupportedInterfaceOrientations = UIInterfaceOrientationPortrait;
				INFOPLIST_KEY_UISupportedInterfaceOrientations_iPad = "UIInterfaceOrientationLandscapeLeft UIInterfaceOrientationLandscapeRight UIInterfaceOrientationPortrait UIInterfaceOrientationPortraitUpsideDown";
				IPHONEOS_DEPLOYMENT_TARGET = 16.0;
				LD_RUNPATH_SEARCH_PATHS = (
					"$(inherited)",
					"@executable_path/Frameworks",
				);
				MARKETING_VERSION = 1.0;
				PRODUCT_BUNDLE_IDENTIFIER = com.yun.Reminder;
				PRODUCT_NAME = "$(TARGET_NAME)";
				SUPPORTED_PLATFORMS = "iphoneos iphonesimulator";
				SUPPORTS_MACCATALYST = NO;
				SUPPORTS_MAC_DESIGNED_FOR_IPHONE_IPAD = NO;
				SUPPORTS_XR_DESIGNED_FOR_IPHONE_IPAD = NO;
				SWIFT_EMIT_LOC_STRINGS = YES;
				SWIFT_VERSION = 5.0;
				TARGETED_DEVICE_FAMILY = 1;
			};
			name = Release;
		};
/* End XCBuildConfiguration section */

/* Begin XCConfigurationList section */
		99061F3F2C33E57300D8559F /* Build configuration list for PBXProject "Reminder" */ = {
			isa = XCConfigurationList;
			buildConfigurations = (
				99061F562C33E57400D8559F /* Debug */,
				99061F572C33E57400D8559F /* Release */,
			);
			defaultConfigurationIsVisible = 0;
			defaultConfigurationName = Release;
		};
		99061F582C33E57400D8559F /* Build configuration list for PBXNativeTarget "Reminder" */ = {
			isa = XCConfigurationList;
			buildConfigurations = (
				99061F592C33E57400D8559F /* Debug */,
				99061F5A2C33E57400D8559F /* Release */,
			);
			defaultConfigurationIsVisible = 0;
			defaultConfigurationName = Release;
		};
/* End XCConfigurationList section */

/* Begin XCRemoteSwiftPackageReference section */
		99061F662C33EDAE00D8559F /* XCRemoteSwiftPackageReference "realm-swift" */ = {
			isa = XCRemoteSwiftPackageReference;
			repositoryURL = "https://github.com/realm/realm-swift.git";
			requirement = {
				kind = exactVersion;
				version = 10.52.1;
			};
		};
		99061F692C33EDBD00D8559F /* XCRemoteSwiftPackageReference "SnapKit" */ = {
			isa = XCRemoteSwiftPackageReference;
			repositoryURL = "https://github.com/SnapKit/SnapKit.git";
			requirement = {
				kind = upToNextMajorVersion;
				minimumVersion = 5.7.1;
			};
		};
/* End XCRemoteSwiftPackageReference section */

/* Begin XCSwiftPackageProductDependency section */
		99061F672C33EDAE00D8559F /* RealmSwift */ = {
			isa = XCSwiftPackageProductDependency;
			package = 99061F662C33EDAE00D8559F /* XCRemoteSwiftPackageReference "realm-swift" */;
			productName = RealmSwift;
		};
		99061F6A2C33EDBD00D8559F /* SnapKit */ = {
			isa = XCSwiftPackageProductDependency;
			package = 99061F692C33EDBD00D8559F /* XCRemoteSwiftPackageReference "SnapKit" */;
			productName = SnapKit;
		};
/* End XCSwiftPackageProductDependency section */
	};
	rootObject = 99061F3C2C33E57300D8559F /* Project object */;
}
